
Microsoft Visual Studio Solution File, Format Version 12.00
# Visual Studio Version 17
VisualStudioVersion = 17.14.36109.1 d17.14
MinimumVisualStudioVersion = 10.0.40219.1
Project("{FAE04EC0-301F-11D3-BF4B-00C04F79EFBC}") = "AlmazayaTravel", "AlmazayaTravel\AlmazayaTravel.csproj", "{8D9F9388-75D5-444C-926E-7310D08B0470}"
EndProject
Global
	GlobalSection(SolutionConfigurationPlatforms) = preSolution
		Debug|Any CPU = Debug|Any CPU
		Release|Any CPU = Release|Any CPU
	EndGlobalSection
	GlobalSection(ProjectConfigurationPlatforms) = postSolution
		{8D9F9388-75D5-444C-926E-7310D08B0470}.Debug|Any CPU.ActiveCfg = Debug|Any CPU
		{8D9F9388-75D5-444C-926E-7310D08B0470}.Debug|Any CPU.Build.0 = Debug|Any CPU
		{8D9F9388-75D5-444C-926E-7310D08B0470}.Release|Any CPU.ActiveCfg = Release|Any CPU
		{8D9F9388-75D5-444C-926E-7310D08B0470}.Release|Any CPU.Build.0 = Release|Any CPU
	EndGlobalSection
	GlobalSection(SolutionProperties) = preSolution
		HideSolutionNode = FALSE
	EndGlobalSection
	GlobalSection(ExtensibilityGlobals) = postSolution
		SolutionGuid = {3A3816C2-581B-4CBD-A3E9-DE9969757CF2}
	EndGlobalSection
EndGlobal
